// !$*UTF8*$!
{
	archiveVersion = 1;
	classes = {
	};
	objectVersion = 55;
	objects = {

/* Begin PBXBuildFile section */
		0404B8632A5DD20600124BA5 /* CustomCompositionalLayout.swift in Sources */ = {isa = PBXBuildFile; fileRef = 0404B8622A5DD20600124BA5 /* CustomCompositionalLayout.swift */; };
		040C1B7C2A52F00A00D296CD /* ExpandableView.swift in Sources */ = {isa = PBXBuildFile; fileRef = 040C1B7B2A52F00A00D296CD /* ExpandableView.swift */; };
		040E3CA12A6061B5005842B2 /* UILabel.swift in Sources */ = {isa = PBXBuildFile; fileRef = 040E3CA02A6061B5005842B2 /* UILabel.swift */; };
		04204ECD2A64101D0024A288 /* SettingTableViewCell.swift in Sources */ = {isa = PBXBuildFile; fileRef = 04204ECC2A64101D0024A288 /* SettingTableViewCell.swift */; };
		0425D4872A373F23005A8EE4 /* SearchPresenter.swift in Sources */ = {isa = PBXBuildFile; fileRef = 0425D4862A373F23005A8EE4 /* SearchPresenter.swift */; };
		04279D872A32292500E91A20 /* UIViewController.swift in Sources */ = {isa = PBXBuildFile; fileRef = 04279D862A32292500E91A20 /* UIViewController.swift */; };
		0429B9F72A33408800183A59 /* ArticlesCollectionViewCell.swift in Sources */ = {isa = PBXBuildFile; fileRef = 0429B9F52A33408800183A59 /* ArticlesCollectionViewCell.swift */; };
		042BB3AC2AC04300000B445B /* CustomType.swift in Sources */ = {isa = PBXBuildFile; fileRef = 042BB3AB2AC04300000B445B /* CustomType.swift */; };
		042BB3AE2AC079F9000B445B /* Localizable.strings in Resources */ = {isa = PBXBuildFile; fileRef = 042BB3B02AC079F9000B445B /* Localizable.strings */; };
		042BB3B52AC08A5E000B445B /* NSLocalizedString.swift in Sources */ = {isa = PBXBuildFile; fileRef = 042BB3B42AC08A5E000B445B /* NSLocalizedString.swift */; };
		043C51CC2A4F4A4300C58F83 /* CustomTabBar.swift in Sources */ = {isa = PBXBuildFile; fileRef = 043C51CB2A4F4A4300C58F83 /* CustomTabBar.swift */; };
		043DC5C62A573EBB002375B2 /* SearchCollectionReusableView.swift in Sources */ = {isa = PBXBuildFile; fileRef = 043DC5C52A573EBB002375B2 /* SearchCollectionReusableView.swift */; };
		043DC5C82A573EEB002375B2 /* HistoryTableView.swift in Sources */ = {isa = PBXBuildFile; fileRef = 043DC5C72A573EEB002375B2 /* HistoryTableView.swift */; };
		043DC5CA2A5767FA002375B2 /* BasicCell.swift in Sources */ = {isa = PBXBuildFile; fileRef = 043DC5C92A5767FA002375B2 /* BasicCell.swift */; };
		044789362A34013300A29E00 /* UIBarButtonItem.swift in Sources */ = {isa = PBXBuildFile; fileRef = 044789352A34013300A29E00 /* UIBarButtonItem.swift */; };
		0447893A2A36592900A29E00 /* HistoryTableViewCell.swift in Sources */ = {isa = PBXBuildFile; fileRef = 044789392A36592900A29E00 /* HistoryTableViewCell.swift */; };
		044C8CE42A386361005A3D71 /* TabBarController.swift in Sources */ = {isa = PBXBuildFile; fileRef = 044C8CE32A386361005A3D71 /* TabBarController.swift */; };
		044C8CE62A3869B9005A3D71 /* SettingsView.swift in Sources */ = {isa = PBXBuildFile; fileRef = 044C8CE52A3869B9005A3D71 /* SettingsView.swift */; };
		04596D492A2F6A860081325E /* HomeView.swift in Sources */ = {isa = PBXBuildFile; fileRef = 04596D482A2F6A860081325E /* HomeView.swift */; };
		04596D4D2A2F6C480081325E /* HomePresenter.swift in Sources */ = {isa = PBXBuildFile; fileRef = 04596D4C2A2F6C480081325E /* HomePresenter.swift */; };
		045A4D5D2A76D85000176BCF /* NotificationManager.swift in Sources */ = {isa = PBXBuildFile; fileRef = 045A4D5C2A76D85000176BCF /* NotificationManager.swift */; };
		045A4D5F2A76FD9F00176BCF /* UNMutableNotificationContent.swift in Sources */ = {isa = PBXBuildFile; fileRef = 045A4D5E2A76FD9F00176BCF /* UNMutableNotificationContent.swift */; };
		046F27DE2A4CBB850028C3A4 /* Assembly.swift in Sources */ = {isa = PBXBuildFile; fileRef = 046F27DD2A4CBB850028C3A4 /* Assembly.swift */; };
		0471B3BC2A4B7AB4000ABDFE /* NetworkDataFetcher.swift in Sources */ = {isa = PBXBuildFile; fileRef = 0471B3BB2A4B7AB4000ABDFE /* NetworkDataFetcher.swift */; };
		0471E2E52A3CEF560091FC1D /* UIButton.swift in Sources */ = {isa = PBXBuildFile; fileRef = 0471E2E42A3CEF560091FC1D /* UIButton.swift */; };
		0475FC332A5B8CC5008A3E3E /* LargePortraitCell.swift in Sources */ = {isa = PBXBuildFile; fileRef = 0475FC322A5B8CC4008A3E3E /* LargePortraitCell.swift */; };
		0475FC352A5B907D008A3E3E /* SmallCell.swift in Sources */ = {isa = PBXBuildFile; fileRef = 0475FC342A5B907D008A3E3E /* SmallCell.swift */; };
		0476C4852B75469C00A798AE /* NotificationName.swift in Sources */ = {isa = PBXBuildFile; fileRef = 0476C4842B75469C00A798AE /* NotificationName.swift */; };
		047CC8F42A38F9C200346CE8 /* CollectionReusableView.swift in Sources */ = {isa = PBXBuildFile; fileRef = 047CC8F32A38F9C200346CE8 /* CollectionReusableView.swift */; };
		04845E312AAF569F00D18977 /* Article+CoreDataClass.swift in Sources */ = {isa = PBXBuildFile; fileRef = 04845E2F2AAF569F00D18977 /* Article+CoreDataClass.swift */; };
		04845E322AAF569F00D18977 /* Article+CoreDataProperties.swift in Sources */ = {isa = PBXBuildFile; fileRef = 04845E302AAF569F00D18977 /* Article+CoreDataProperties.swift */; };
		0488A5252A5AEA7B00948A85 /* CALayer.swift in Sources */ = {isa = PBXBuildFile; fileRef = 0488A5242A5AEA7B00948A85 /* CALayer.swift */; };
		048E18F92A307A880034FBF5 /* CategoryCollectionView.swift in Sources */ = {isa = PBXBuildFile; fileRef = 048E18F82A307A880034FBF5 /* CategoryCollectionView.swift */; };
		048E18FB2A307D480034FBF5 /* CategoryCollectionViewCell.swift in Sources */ = {isa = PBXBuildFile; fileRef = 048E18FA2A307D480034FBF5 /* CategoryCollectionViewCell.swift */; };
		04921B382A3DFD3400C816EC /* HomeRouter.swift in Sources */ = {isa = PBXBuildFile; fileRef = 04921B372A3DFD3400C816EC /* HomeRouter.swift */; };
		049941362A39C97D004D27D9 /* MergedView.swift in Sources */ = {isa = PBXBuildFile; fileRef = 049941352A39C97D004D27D9 /* MergedView.swift */; };
		049941382A39CA25004D27D9 /* MenuView.swift in Sources */ = {isa = PBXBuildFile; fileRef = 049941372A39CA25004D27D9 /* MenuView.swift */; };
		0499413B2A39D294004D27D9 /* UITabBarController.swift in Sources */ = {isa = PBXBuildFile; fileRef = 0499413A2A39D294004D27D9 /* UITabBarController.swift */; };
		04A4B5E92A31014F00DE6887 /* SearchView.swift in Sources */ = {isa = PBXBuildFile; fileRef = 04A4B5E82A31014F00DE6887 /* SearchView.swift */; };
		04A84B692A319F6A008657F0 /* RotationAnimation.swift in Sources */ = {isa = PBXBuildFile; fileRef = 04A84B682A319F6A008657F0 /* RotationAnimation.swift */; };
		04A84B6B2A319F9D008657F0 /* StrokeAnimation.swift in Sources */ = {isa = PBXBuildFile; fileRef = 04A84B6A2A319F9D008657F0 /* StrokeAnimation.swift */; };
		04A84B6D2A319FC1008657F0 /* ProgressShapeLayer.swift in Sources */ = {isa = PBXBuildFile; fileRef = 04A84B6C2A319FC1008657F0 /* ProgressShapeLayer.swift */; };
		04A84B6F2A319FDC008657F0 /* ProgressView.swift in Sources */ = {isa = PBXBuildFile; fileRef = 04A84B6E2A319FDC008657F0 /* ProgressView.swift */; };
		04A84B712A31CB05008657F0 /* UIView.swift in Sources */ = {isa = PBXBuildFile; fileRef = 04A84B702A31CB04008657F0 /* UIView.swift */; };
		04AB662F2B6C22CF004D6BFA /* ImageCache.swift in Sources */ = {isa = PBXBuildFile; fileRef = 04AB662E2B6C22CF004D6BFA /* ImageCache.swift */; };
		04B8DCFF2996789E003E4786 /* AppDelegate.swift in Sources */ = {isa = PBXBuildFile; fileRef = 04B8DCFE2996789E003E4786 /* AppDelegate.swift */; };
		04B8DD012996789E003E4786 /* SceneDelegate.swift in Sources */ = {isa = PBXBuildFile; fileRef = 04B8DD002996789E003E4786 /* SceneDelegate.swift */; };
		04B8DD032996789E003E4786 /* SelectedArticlesView.swift in Sources */ = {isa = PBXBuildFile; fileRef = 04B8DD022996789E003E4786 /* SelectedArticlesView.swift */; };
		04B8DD0B299678A0003E4786 /* Assets.xcassets in Resources */ = {isa = PBXBuildFile; fileRef = 04B8DD0A299678A0003E4786 /* Assets.xcassets */; };
		04B8DD0E299678A0003E4786 /* LaunchScreen.storyboard in Resources */ = {isa = PBXBuildFile; fileRef = 04B8DD0C299678A0003E4786 /* LaunchScreen.storyboard */; };
		04B8DD3A2997C00A003E4786 /* ArticleModel.swift in Sources */ = {isa = PBXBuildFile; fileRef = 04B8DD392997C00A003E4786 /* ArticleModel.swift */; };
		04CDA72C2AA4B1D40069CF98 /* CacheManager.swift in Sources */ = {isa = PBXBuildFile; fileRef = 04CDA72B2AA4B1D40069CF98 /* CacheManager.swift */; };
		04E9DE282B7287AD0064DE4B /* CustomImageView.swift in Sources */ = {isa = PBXBuildFile; fileRef = 04E9DE272B7287AD0064DE4B /* CustomImageView.swift */; };
		04F6020D2AAD17BA00B59CC6 /* CoreDataManager.swift in Sources */ = {isa = PBXBuildFile; fileRef = 04F6020C2AAD17BA00B59CC6 /* CoreDataManager.swift */; };
		04F602132AAE364700B59CC6 /* CoreDataModel.xcdatamodeld in Sources */ = {isa = PBXBuildFile; fileRef = 04F602112AAE364700B59CC6 /* CoreDataModel.xcdatamodeld */; };
		04F6021A2AAF3B8500B59CC6 /* UIColor.swift in Sources */ = {isa = PBXBuildFile; fileRef = 04F602192AAF3B8500B59CC6 /* UIColor.swift */; };
		04F6021C2AAF3C3100B59CC6 /* SettingManager.swift in Sources */ = {isa = PBXBuildFile; fileRef = 04F6021B2AAF3C3100B59CC6 /* SettingManager.swift */; };
		04FD39E42B98D56F00633B6B /* CustomButtonBehavior.swift in Sources */ = {isa = PBXBuildFile; fileRef = 04FD39E32B98D56F00633B6B /* CustomButtonBehavior.swift */; };
		04FD39E62B98D63B00633B6B /* CustomButtom.swift in Sources */ = {isa = PBXBuildFile; fileRef = 04FD39E52B98D63B00633B6B /* CustomButtom.swift */; };
		04FFC82F2A4BAA6300E3FF75 /* NetworkService.swift in Sources */ = {isa = PBXBuildFile; fileRef = 04FFC82E2A4BAA6300E3FF75 /* NetworkService.swift */; };
/* End PBXBuildFile section */

/* Begin PBXFileReference section */
		0404B8622A5DD20600124BA5 /* CustomCompositionalLayout.swift */ = {isa = PBXFileReference; lastKnownFileType = sourcecode.swift; path = CustomCompositionalLayout.swift; sourceTree = "<group>"; };
		040C1B7B2A52F00A00D296CD /* ExpandableView.swift */ = {isa = PBXFileReference; lastKnownFileType = sourcecode.swift; path = ExpandableView.swift; sourceTree = "<group>"; };
		040E3CA02A6061B5005842B2 /* UILabel.swift */ = {isa = PBXFileReference; lastKnownFileType = sourcecode.swift; path = UILabel.swift; sourceTree = "<group>"; };
		04204ECC2A64101D0024A288 /* SettingTableViewCell.swift */ = {isa = PBXFileReference; lastKnownFileType = sourcecode.swift; path = SettingTableViewCell.swift; sourceTree = "<group>"; };
		0425D4862A373F23005A8EE4 /* SearchPresenter.swift */ = {isa = PBXFileReference; lastKnownFileType = sourcecode.swift; path = SearchPresenter.swift; sourceTree = "<group>"; };
		04279D862A32292500E91A20 /* UIViewController.swift */ = {isa = PBXFileReference; lastKnownFileType = sourcecode.swift; path = UIViewController.swift; sourceTree = "<group>"; };
		0429B9F52A33408800183A59 /* ArticlesCollectionViewCell.swift */ = {isa = PBXFileReference; lastKnownFileType = sourcecode.swift; path = ArticlesCollectionViewCell.swift; sourceTree = "<group>"; };
		042BB3AB2AC04300000B445B /* CustomType.swift */ = {isa = PBXFileReference; lastKnownFileType = sourcecode.swift; path = CustomType.swift; sourceTree = "<group>"; };
		042BB3AD2AC078B4000B445B /* de */ = {isa = PBXFileReference; lastKnownFileType = text.plist.strings; name = de; path = de.lproj/LaunchScreen.strings; sourceTree = "<group>"; };
		042BB3AF2AC079F9000B445B /* de */ = {isa = PBXFileReference; lastKnownFileType = text.plist.strings; name = de; path = de.lproj/Localizable.strings; sourceTree = "<group>"; };
		042BB3B42AC08A5E000B445B /* NSLocalizedString.swift */ = {isa = PBXFileReference; lastKnownFileType = sourcecode.swift; path = NSLocalizedString.swift; sourceTree = "<group>"; };
		043C51CB2A4F4A4300C58F83 /* CustomTabBar.swift */ = {isa = PBXFileReference; lastKnownFileType = sourcecode.swift; path = CustomTabBar.swift; sourceTree = "<group>"; };
		043DC5C52A573EBB002375B2 /* SearchCollectionReusableView.swift */ = {isa = PBXFileReference; fileEncoding = 4; lastKnownFileType = sourcecode.swift; path = SearchCollectionReusableView.swift; sourceTree = "<group>"; };
		043DC5C72A573EEB002375B2 /* HistoryTableView.swift */ = {isa = PBXFileReference; fileEncoding = 4; lastKnownFileType = sourcecode.swift; path = HistoryTableView.swift; sourceTree = "<group>"; };
		043DC5C92A5767FA002375B2 /* BasicCell.swift */ = {isa = PBXFileReference; lastKnownFileType = sourcecode.swift; path = BasicCell.swift; sourceTree = "<group>"; };
		044789352A34013300A29E00 /* UIBarButtonItem.swift */ = {isa = PBXFileReference; lastKnownFileType = sourcecode.swift; path = UIBarButtonItem.swift; sourceTree = "<group>"; };
		044789392A36592900A29E00 /* HistoryTableViewCell.swift */ = {isa = PBXFileReference; lastKnownFileType = sourcecode.swift; path = HistoryTableViewCell.swift; sourceTree = "<group>"; };
		044C8CE32A386361005A3D71 /* TabBarController.swift */ = {isa = PBXFileReference; lastKnownFileType = sourcecode.swift; path = TabBarController.swift; sourceTree = "<group>"; };
		044C8CE52A3869B9005A3D71 /* SettingsView.swift */ = {isa = PBXFileReference; lastKnownFileType = sourcecode.swift; path = SettingsView.swift; sourceTree = "<group>"; };
		04596D482A2F6A860081325E /* HomeView.swift */ = {isa = PBXFileReference; lastKnownFileType = sourcecode.swift; path = HomeView.swift; sourceTree = "<group>"; };
		04596D4C2A2F6C480081325E /* HomePresenter.swift */ = {isa = PBXFileReference; lastKnownFileType = sourcecode.swift; path = HomePresenter.swift; sourceTree = "<group>"; };
		045A4D5C2A76D85000176BCF /* NotificationManager.swift */ = {isa = PBXFileReference; lastKnownFileType = sourcecode.swift; path = NotificationManager.swift; sourceTree = "<group>"; };
		045A4D5E2A76FD9F00176BCF /* UNMutableNotificationContent.swift */ = {isa = PBXFileReference; lastKnownFileType = sourcecode.swift; path = UNMutableNotificationContent.swift; sourceTree = "<group>"; };
		046F27DD2A4CBB850028C3A4 /* Assembly.swift */ = {isa = PBXFileReference; fileEncoding = 4; lastKnownFileType = sourcecode.swift; path = Assembly.swift; sourceTree = "<group>"; };
		0471B3BB2A4B7AB4000ABDFE /* NetworkDataFetcher.swift */ = {isa = PBXFileReference; lastKnownFileType = sourcecode.swift; path = NetworkDataFetcher.swift; sourceTree = "<group>"; };
		0471E2E42A3CEF560091FC1D /* UIButton.swift */ = {isa = PBXFileReference; lastKnownFileType = sourcecode.swift; path = UIButton.swift; sourceTree = "<group>"; };
		0475FC322A5B8CC4008A3E3E /* LargePortraitCell.swift */ = {isa = PBXFileReference; lastKnownFileType = sourcecode.swift; path = LargePortraitCell.swift; sourceTree = "<group>"; };
		0475FC342A5B907D008A3E3E /* SmallCell.swift */ = {isa = PBXFileReference; lastKnownFileType = sourcecode.swift; path = SmallCell.swift; sourceTree = "<group>"; };
		0476C4842B75469C00A798AE /* NotificationName.swift */ = {isa = PBXFileReference; lastKnownFileType = sourcecode.swift; path = NotificationName.swift; sourceTree = "<group>"; };
		047CC8F32A38F9C200346CE8 /* CollectionReusableView.swift */ = {isa = PBXFileReference; lastKnownFileType = sourcecode.swift; path = CollectionReusableView.swift; sourceTree = "<group>"; };
		04845E2F2AAF569F00D18977 /* Article+CoreDataClass.swift */ = {isa = PBXFileReference; lastKnownFileType = sourcecode.swift; path = "Article+CoreDataClass.swift"; sourceTree = "<group>"; };
		04845E302AAF569F00D18977 /* Article+CoreDataProperties.swift */ = {isa = PBXFileReference; lastKnownFileType = sourcecode.swift; path = "Article+CoreDataProperties.swift"; sourceTree = "<group>"; };
		0488A5242A5AEA7B00948A85 /* CALayer.swift */ = {isa = PBXFileReference; lastKnownFileType = sourcecode.swift; path = CALayer.swift; sourceTree = "<group>"; };
		048E18F82A307A880034FBF5 /* CategoryCollectionView.swift */ = {isa = PBXFileReference; lastKnownFileType = sourcecode.swift; path = CategoryCollectionView.swift; sourceTree = "<group>"; };
		048E18FA2A307D480034FBF5 /* CategoryCollectionViewCell.swift */ = {isa = PBXFileReference; lastKnownFileType = sourcecode.swift; path = CategoryCollectionViewCell.swift; sourceTree = "<group>"; };
		04921B372A3DFD3400C816EC /* HomeRouter.swift */ = {isa = PBXFileReference; lastKnownFileType = sourcecode.swift; path = HomeRouter.swift; sourceTree = "<group>"; };
		049941352A39C97D004D27D9 /* MergedView.swift */ = {isa = PBXFileReference; lastKnownFileType = sourcecode.swift; path = MergedView.swift; sourceTree = "<group>"; };
		049941372A39CA25004D27D9 /* MenuView.swift */ = {isa = PBXFileReference; lastKnownFileType = sourcecode.swift; path = MenuView.swift; sourceTree = "<group>"; };
		0499413A2A39D294004D27D9 /* UITabBarController.swift */ = {isa = PBXFileReference; lastKnownFileType = sourcecode.swift; path = UITabBarController.swift; sourceTree = "<group>"; };
		04A4B5E82A31014F00DE6887 /* SearchView.swift */ = {isa = PBXFileReference; lastKnownFileType = sourcecode.swift; path = SearchView.swift; sourceTree = "<group>"; };
		04A84B682A319F6A008657F0 /* RotationAnimation.swift */ = {isa = PBXFileReference; lastKnownFileType = sourcecode.swift; path = RotationAnimation.swift; sourceTree = "<group>"; };
		04A84B6A2A319F9D008657F0 /* StrokeAnimation.swift */ = {isa = PBXFileReference; lastKnownFileType = sourcecode.swift; path = StrokeAnimation.swift; sourceTree = "<group>"; };
		04A84B6C2A319FC1008657F0 /* ProgressShapeLayer.swift */ = {isa = PBXFileReference; lastKnownFileType = sourcecode.swift; path = ProgressShapeLayer.swift; sourceTree = "<group>"; };
		04A84B6E2A319FDC008657F0 /* ProgressView.swift */ = {isa = PBXFileReference; lastKnownFileType = sourcecode.swift; path = ProgressView.swift; sourceTree = "<group>"; };
		04A84B702A31CB04008657F0 /* UIView.swift */ = {isa = PBXFileReference; lastKnownFileType = sourcecode.swift; path = UIView.swift; sourceTree = "<group>"; };
		04AB662E2B6C22CF004D6BFA /* ImageCache.swift */ = {isa = PBXFileReference; lastKnownFileType = sourcecode.swift; path = ImageCache.swift; sourceTree = "<group>"; };
		04B8DCFB2996789E003E4786 /* Business NEWs.app */ = {isa = PBXFileReference; explicitFileType = wrapper.application; includeInIndex = 0; path = "Business NEWs.app"; sourceTree = BUILT_PRODUCTS_DIR; };
		04B8DCFE2996789E003E4786 /* AppDelegate.swift */ = {isa = PBXFileReference; lastKnownFileType = sourcecode.swift; path = AppDelegate.swift; sourceTree = "<group>"; };
		04B8DD002996789E003E4786 /* SceneDelegate.swift */ = {isa = PBXFileReference; lastKnownFileType = sourcecode.swift; path = SceneDelegate.swift; sourceTree = "<group>"; };
		04B8DD022996789E003E4786 /* SelectedArticlesView.swift */ = {isa = PBXFileReference; lastKnownFileType = sourcecode.swift; path = SelectedArticlesView.swift; sourceTree = "<group>"; };
		04B8DD0A299678A0003E4786 /* Assets.xcassets */ = {isa = PBXFileReference; lastKnownFileType = folder.assetcatalog; path = Assets.xcassets; sourceTree = "<group>"; };
		04B8DD0D299678A0003E4786 /* Base */ = {isa = PBXFileReference; lastKnownFileType = file.storyboard; name = Base; path = Base.lproj/LaunchScreen.storyboard; sourceTree = "<group>"; };
		04B8DD0F299678A0003E4786 /* Info.plist */ = {isa = PBXFileReference; lastKnownFileType = text.plist.xml; path = Info.plist; sourceTree = "<group>"; };
		04B8DD392997C00A003E4786 /* ArticleModel.swift */ = {isa = PBXFileReference; lastKnownFileType = sourcecode.swift; path = ArticleModel.swift; sourceTree = "<group>"; };
		04CDA72B2AA4B1D40069CF98 /* CacheManager.swift */ = {isa = PBXFileReference; lastKnownFileType = sourcecode.swift; path = CacheManager.swift; sourceTree = "<group>"; };
		04E9DE272B7287AD0064DE4B /* CustomImageView.swift */ = {isa = PBXFileReference; lastKnownFileType = sourcecode.swift; path = CustomImageView.swift; sourceTree = "<group>"; };
		04F6020C2AAD17BA00B59CC6 /* CoreDataManager.swift */ = {isa = PBXFileReference; lastKnownFileType = sourcecode.swift; path = CoreDataManager.swift; sourceTree = "<group>"; };
		04F602122AAE364700B59CC6 /* CoreDataModel.xcdatamodel */ = {isa = PBXFileReference; lastKnownFileType = wrapper.xcdatamodel; path = CoreDataModel.xcdatamodel; sourceTree = "<group>"; };
		04F602192AAF3B8500B59CC6 /* UIColor.swift */ = {isa = PBXFileReference; lastKnownFileType = sourcecode.swift; path = UIColor.swift; sourceTree = "<group>"; };
		04F6021B2AAF3C3100B59CC6 /* SettingManager.swift */ = {isa = PBXFileReference; lastKnownFileType = sourcecode.swift; path = SettingManager.swift; sourceTree = "<group>"; };
		04FD39E32B98D56F00633B6B /* CustomButtonBehavior.swift */ = {isa = PBXFileReference; lastKnownFileType = sourcecode.swift; path = CustomButtonBehavior.swift; sourceTree = "<group>"; };
		04FD39E52B98D63B00633B6B /* CustomButtom.swift */ = {isa = PBXFileReference; fileEncoding = 4; lastKnownFileType = sourcecode.swift; path = CustomButtom.swift; sourceTree = "<group>"; };
		04FFC82E2A4BAA6300E3FF75 /* NetworkService.swift */ = {isa = PBXFileReference; lastKnownFileType = sourcecode.swift; path = NetworkService.swift; sourceTree = "<group>"; };
/* End PBXFileReference section */

/* Begin PBXFrameworksBuildPhase section */
		04B8DCF82996789E003E4786 /* Frameworks */ = {
			isa = PBXFrameworksBuildPhase;
			buildActionMask = 2147483647;
			files = (
			);
			runOnlyForDeploymentPostprocessing = 0;
		};
/* End PBXFrameworksBuildPhase section */

/* Begin PBXGroup section */
		04027B07299C2A59004898A4 /* Services */ = {
			isa = PBXGroup;
			children = (
				045A4D5A2A76D7FB00176BCF /* NetworkLayer */,
				045A4D5B2A76D82E00176BCF /* NotificationLayer */,
				04F6020B2AA78B0100B59CC6 /* StorageLayer */,
			);
			path = Services;
			sourceTree = "<group>";
		};
		04204ECE2A6421A70024A288 /* CustomElements */ = {
			isa = PBXGroup;
			children = (
				0404B8622A5DD20600124BA5 /* CustomCompositionalLayout.swift */,
				04E9DE272B7287AD0064DE4B /* CustomImageView.swift */,
				04FD39E32B98D56F00633B6B /* CustomButtonBehavior.swift */,
				043C51CB2A4F4A4300C58F83 /* CustomTabBar.swift */,
				04FD39E52B98D63B00633B6B /* CustomButtom.swift */,
				042BB3AB2AC04300000B445B /* CustomType.swift */,
				04A84B672A319F24008657F0 /* CustomAnimation */,
			);
			path = CustomElements;
			sourceTree = "<group>";
		};
		0429B9F32A33402700183A59 /* CategoryView */ = {
			isa = PBXGroup;
			children = (
				048E18F82A307A880034FBF5 /* CategoryCollectionView.swift */,
				048E18FA2A307D480034FBF5 /* CategoryCollectionViewCell.swift */,
			);
			path = CategoryView;
			sourceTree = "<group>";
		};
		043C51CA2A4F4A1F00C58F83 /* ContainerScreen */ = {
			isa = PBXGroup;
			children = (
				044C8CE32A386361005A3D71 /* TabBarController.swift */,
				04B8DD3C2997C02C003E4786 /* SelectedScreen */,
				049941332A39259A004D27D9 /* SettingScreen */,
				049941342A39C868004D27D9 /* MergedScreen */,
			);
			path = ContainerScreen;
			sourceTree = "<group>";
		};
		044789372A341B7B00A29E00 /* ArticleCell */ = {
			isa = PBXGroup;
			children = (
				0429B9F52A33408800183A59 /* ArticlesCollectionViewCell.swift */,
			);
			path = ArticleCell;
			sourceTree = "<group>";
		};
		044789382A341BE400A29E00 /* SearchScreen */ = {
			isa = PBXGroup;
			children = (
				04A4B5E82A31014F00DE6887 /* SearchView.swift */,
				049941302A392481004D27D9 /* Presenter */,
				049941312A3924AC004D27D9 /* UIElements */,
			);
			path = SearchScreen;
			sourceTree = "<group>";
		};
		04553C5D299AC58F001F94F0 /* ArticleCells */ = {
			isa = PBXGroup;
			children = (
				043DC5C92A5767FA002375B2 /* BasicCell.swift */,
				0475FC322A5B8CC4008A3E3E /* LargePortraitCell.swift */,
				0475FC342A5B907D008A3E3E /* SmallCell.swift */,
			);
			path = ArticleCells;
			sourceTree = "<group>";
		};
		04596D3C2A2F4EC00081325E /* Extensions */ = {
			isa = PBXGroup;
			children = (
				045A4D602A7708FA00176BCF /* UIElements */,
				045A4D5E2A76FD9F00176BCF /* UNMutableNotificationContent.swift */,
				042BB3B42AC08A5E000B445B /* NSLocalizedString.swift */,
				04F602192AAF3B8500B59CC6 /* UIColor.swift */,
				0488A5242A5AEA7B00948A85 /* CALayer.swift */,
				0476C4842B75469C00A798AE /* NotificationName.swift */,
			);
			path = Extensions;
			sourceTree = "<group>";
		};
		04596D3D2A2F4EDF0081325E /* Screens */ = {
			isa = PBXGroup;
			children = (
				044789382A341BE400A29E00 /* SearchScreen */,
				043C51CA2A4F4A1F00C58F83 /* ContainerScreen */,
			);
			path = Screens;
			sourceTree = "<group>";
		};
		04596D3F2A2F505A0081325E /* Aplication */ = {
			isa = PBXGroup;
			children = (
				04B8DCFE2996789E003E4786 /* AppDelegate.swift */,
				04B8DD002996789E003E4786 /* SceneDelegate.swift */,
			);
			path = Aplication;
			sourceTree = "<group>";
		};
		04596D472A2F6A450081325E /* HomeScreen */ = {
			isa = PBXGroup;
			children = (
				04596D482A2F6A860081325E /* HomeView.swift */,
				04596D4B2A2F6C0F0081325E /* Presenter */,
				04596D4A2A2F6C020081325E /* UIElements */,
			);
			path = HomeScreen;
			sourceTree = "<group>";
		};
		04596D4A2A2F6C020081325E /* UIElements */ = {
			isa = PBXGroup;
			children = (
				044789372A341B7B00A29E00 /* ArticleCell */,
				0429B9F32A33402700183A59 /* CategoryView */,
			);
			path = UIElements;
			sourceTree = "<group>";
		};
		04596D4B2A2F6C0F0081325E /* Presenter */ = {
			isa = PBXGroup;
			children = (
				04596D4C2A2F6C480081325E /* HomePresenter.swift */,
			);
			path = Presenter;
			sourceTree = "<group>";
		};
		04596D4E2A2F77910081325E /* Builder */ = {
			isa = PBXGroup;
			children = (
				046F27DD2A4CBB850028C3A4 /* Assembly.swift */,
			);
			path = Builder;
			sourceTree = "<group>";
		};
		045A4D5A2A76D7FB00176BCF /* NetworkLayer */ = {
			isa = PBXGroup;
			children = (
				04FFC82E2A4BAA6300E3FF75 /* NetworkService.swift */,
				0471B3BB2A4B7AB4000ABDFE /* NetworkDataFetcher.swift */,
			);
			path = NetworkLayer;
			sourceTree = "<group>";
		};
		045A4D5B2A76D82E00176BCF /* NotificationLayer */ = {
			isa = PBXGroup;
			children = (
				045A4D5C2A76D85000176BCF /* NotificationManager.swift */,
			);
			path = NotificationLayer;
			sourceTree = "<group>";
		};
		045A4D602A7708FA00176BCF /* UIElements */ = {
			isa = PBXGroup;
			children = (
				04279D862A32292500E91A20 /* UIViewController.swift */,
				0499413A2A39D294004D27D9 /* UITabBarController.swift */,
				0471E2E42A3CEF560091FC1D /* UIButton.swift */,
				040E3CA02A6061B5005842B2 /* UILabel.swift */,
				04A84B702A31CB04008657F0 /* UIView.swift */,
				044789352A34013300A29E00 /* UIBarButtonItem.swift */,
			);
			path = UIElements;
			sourceTree = "<group>";
		};
		04921B392A44802A00C816EC /* Router */ = {
			isa = PBXGroup;
			children = (
				04921B372A3DFD3400C816EC /* HomeRouter.swift */,
			);
			path = Router;
			sourceTree = "<group>";
		};
		049941302A392481004D27D9 /* Presenter */ = {
			isa = PBXGroup;
			children = (
				0425D4862A373F23005A8EE4 /* SearchPresenter.swift */,
			);
			path = Presenter;
			sourceTree = "<group>";
		};
		049941312A3924AC004D27D9 /* UIElements */ = {
			isa = PBXGroup;
			children = (
				043DC5C52A573EBB002375B2 /* SearchCollectionReusableView.swift */,
				043DC5C72A573EEB002375B2 /* HistoryTableView.swift */,
				044789392A36592900A29E00 /* HistoryTableViewCell.swift */,
			);
			path = UIElements;
			sourceTree = "<group>";
		};
		049941332A39259A004D27D9 /* SettingScreen */ = {
			isa = PBXGroup;
			children = (
				044C8CE52A3869B9005A3D71 /* SettingsView.swift */,
				04F602102AAD1D6100B59CC6 /* SettingCell */,
			);
			path = SettingScreen;
			sourceTree = "<group>";
		};
		049941342A39C868004D27D9 /* MergedScreen */ = {
			isa = PBXGroup;
			children = (
				049941352A39C97D004D27D9 /* MergedView.swift */,
				04596D472A2F6A450081325E /* HomeScreen */,
				049941392A39CA33004D27D9 /* MenuScreen */,
			);
			path = MergedScreen;
			sourceTree = "<group>";
		};
		049941392A39CA33004D27D9 /* MenuScreen */ = {
			isa = PBXGroup;
			children = (
				049941372A39CA25004D27D9 /* MenuView.swift */,
			);
			path = MenuScreen;
			sourceTree = "<group>";
		};
		04A84B672A319F24008657F0 /* CustomAnimation */ = {
			isa = PBXGroup;
			children = (
				04A84B6E2A319FDC008657F0 /* ProgressView.swift */,
				04A84B6C2A319FC1008657F0 /* ProgressShapeLayer.swift */,
				04A84B6A2A319F9D008657F0 /* StrokeAnimation.swift */,
				04A84B682A319F6A008657F0 /* RotationAnimation.swift */,
			);
			path = CustomAnimation;
			sourceTree = "<group>";
		};
		04AB662D2B6C22B1004D6BFA /* Cache */ = {
			isa = PBXGroup;
			children = (
				04CDA72B2AA4B1D40069CF98 /* CacheManager.swift */,
				04AB662E2B6C22CF004D6BFA /* ImageCache.swift */,
			);
			path = Cache;
			sourceTree = "<group>";
		};
		04B8DCF22996789E003E4786 = {
			isa = PBXGroup;
			children = (
				042BB3B02AC079F9000B445B /* Localizable.strings */,
				04B8DCFD2996789E003E4786 /* Business NEWs */,
				04B8DCFC2996789E003E4786 /* Products */,
			);
			sourceTree = "<group>";
		};
		04B8DCFC2996789E003E4786 /* Products */ = {
			isa = PBXGroup;
			children = (
				04B8DCFB2996789E003E4786 /* Business NEWs.app */,
			);
			name = Products;
			sourceTree = "<group>";
		};
		04B8DCFD2996789E003E4786 /* Business NEWs */ = {
			isa = PBXGroup;
			children = (
				04596D3F2A2F505A0081325E /* Aplication */,
				04204ECE2A6421A70024A288 /* CustomElements */,
				04596D3C2A2F4EC00081325E /* Extensions */,
				04027B07299C2A59004898A4 /* Services */,
				04596D4E2A2F77910081325E /* Builder */,
				04921B392A44802A00C816EC /* Router */,
				04B8DD3B2997C013003E4786 /* Models */,
				04596D3D2A2F4EDF0081325E /* Screens */,
				04B8DD0A299678A0003E4786 /* Assets.xcassets */,
				04B8DD0C299678A0003E4786 /* LaunchScreen.storyboard */,
				04B8DD0F299678A0003E4786 /* Info.plist */,
			);
			path = "Business NEWs";
			sourceTree = "<group>";
		};
		04B8DD372997BFD4003E4786 /* UIElements */ = {
			isa = PBXGroup;
			children = (
				047CC8F32A38F9C200346CE8 /* CollectionReusableView.swift */,
				040C1B7B2A52F00A00D296CD /* ExpandableView.swift */,
				04553C5D299AC58F001F94F0 /* ArticleCells */,
			);
			path = UIElements;
			sourceTree = "<group>";
		};
		04B8DD3B2997C013003E4786 /* Models */ = {
			isa = PBXGroup;
			children = (
				04B8DD392997C00A003E4786 /* ArticleModel.swift */,
			);
			path = Models;
			sourceTree = "<group>";
		};
		04B8DD3C2997C02C003E4786 /* SelectedScreen */ = {
			isa = PBXGroup;
			children = (
				04B8DD022996789E003E4786 /* SelectedArticlesView.swift */,
				04B8DD372997BFD4003E4786 /* UIElements */,
			);
			path = SelectedScreen;
			sourceTree = "<group>";
		};
		04F6020B2AA78B0100B59CC6 /* StorageLayer */ = {
			isa = PBXGroup;
			children = (
				04F6021B2AAF3C3100B59CC6 /* SettingManager.swift */,
				04AB662D2B6C22B1004D6BFA /* Cache */,
				04F602182AAE38EF00B59CC6 /* CoreData */,
			);
			path = StorageLayer;
			sourceTree = "<group>";
		};
		04F602102AAD1D6100B59CC6 /* SettingCell */ = {
			isa = PBXGroup;
			children = (
				04204ECC2A64101D0024A288 /* SettingTableViewCell.swift */,
			);
			path = SettingCell;
			sourceTree = "<group>";
		};
		04F602182AAE38EF00B59CC6 /* CoreData */ = {
			isa = PBXGroup;
			children = (
				04F6020C2AAD17BA00B59CC6 /* CoreDataManager.swift */,
				04845E2F2AAF569F00D18977 /* Article+CoreDataClass.swift */,
				04845E302AAF569F00D18977 /* Article+CoreDataProperties.swift */,
				04F602112AAE364700B59CC6 /* CoreDataModel.xcdatamodeld */,
			);
			path = CoreData;
			sourceTree = "<group>";
		};
/* End PBXGroup section */

/* Begin PBXNativeTarget section */
		04B8DCFA2996789E003E4786 /* Business NEWs */ = {
			isa = PBXNativeTarget;
			buildConfigurationList = 04B8DD28299678A0003E4786 /* Build configuration list for PBXNativeTarget "Business NEWs" */;
			buildPhases = (
				04B8DCF72996789E003E4786 /* Sources */,
				04B8DCF82996789E003E4786 /* Frameworks */,
				04B8DCF92996789E003E4786 /* Resources */,
			);
			buildRules = (
			);
			dependencies = (
			);
			name = "Business NEWs";
			productName = "Business NEWs";
			productReference = 04B8DCFB2996789E003E4786 /* Business NEWs.app */;
			productType = "com.apple.product-type.application";
		};
/* End PBXNativeTarget section */

/* Begin PBXProject section */
		04B8DCF32996789E003E4786 /* Project object */ = {
			isa = PBXProject;
			attributes = {
				BuildIndependentTargetsInParallel = 1;
				LastSwiftUpdateCheck = 1500;
				LastUpgradeCheck = 1500;
				TargetAttributes = {
					04B8DCFA2996789E003E4786 = {
						CreatedOnToolsVersion = 13.4.1;
					};
				};
			};
			buildConfigurationList = 04B8DCF62996789E003E4786 /* Build configuration list for PBXProject "Business NEWs" */;
			compatibilityVersion = "Xcode 13.0";
			developmentRegion = en;
			hasScannedForEncodings = 0;
			knownRegions = (
				en,
				Base,
				de,
			);
			mainGroup = 04B8DCF22996789E003E4786;
			productRefGroup = 04B8DCFC2996789E003E4786 /* Products */;
			projectDirPath = "";
			projectRoot = "";
			targets = (
				04B8DCFA2996789E003E4786 /* Business NEWs */,
			);
		};
/* End PBXProject section */

/* Begin PBXResourcesBuildPhase section */
		04B8DCF92996789E003E4786 /* Resources */ = {
			isa = PBXResourcesBuildPhase;
			buildActionMask = 2147483647;
			files = (
				04B8DD0E299678A0003E4786 /* LaunchScreen.storyboard in Resources */,
				042BB3AE2AC079F9000B445B /* Localizable.strings in Resources */,
				04B8DD0B299678A0003E4786 /* Assets.xcassets in Resources */,
			);
			runOnlyForDeploymentPostprocessing = 0;
		};
/* End PBXResourcesBuildPhase section */

/* Begin PBXSourcesBuildPhase section */
		04B8DCF72996789E003E4786 /* Sources */ = {
			isa = PBXSourcesBuildPhase;
			buildActionMask = 2147483647;
			files = (
				04F6020D2AAD17BA00B59CC6 /* CoreDataManager.swift in Sources */,
				0475FC352A5B907D008A3E3E /* SmallCell.swift in Sources */,
				04A84B6D2A319FC1008657F0 /* ProgressShapeLayer.swift in Sources */,
				04B8DD032996789E003E4786 /* SelectedArticlesView.swift in Sources */,
				04FD39E42B98D56F00633B6B /* CustomButtonBehavior.swift in Sources */,
				043DC5CA2A5767FA002375B2 /* BasicCell.swift in Sources */,
				04845E322AAF569F00D18977 /* Article+CoreDataProperties.swift in Sources */,
				04A4B5E92A31014F00DE6887 /* SearchView.swift in Sources */,
				042BB3AC2AC04300000B445B /* CustomType.swift in Sources */,
				04B8DCFF2996789E003E4786 /* AppDelegate.swift in Sources */,
				04845E312AAF569F00D18977 /* Article+CoreDataClass.swift in Sources */,
				04CDA72C2AA4B1D40069CF98 /* CacheManager.swift in Sources */,
				040E3CA12A6061B5005842B2 /* UILabel.swift in Sources */,
				04921B382A3DFD3400C816EC /* HomeRouter.swift in Sources */,
				0476C4852B75469C00A798AE /* NotificationName.swift in Sources */,
				04A84B712A31CB05008657F0 /* UIView.swift in Sources */,
				046F27DE2A4CBB850028C3A4 /* Assembly.swift in Sources */,
				0447893A2A36592900A29E00 /* HistoryTableViewCell.swift in Sources */,
				044789362A34013300A29E00 /* UIBarButtonItem.swift in Sources */,
				0475FC332A5B8CC5008A3E3E /* LargePortraitCell.swift in Sources */,
				04FD39E62B98D63B00633B6B /* CustomButtom.swift in Sources */,
				049941382A39CA25004D27D9 /* MenuView.swift in Sources */,
				043C51CC2A4F4A4300C58F83 /* CustomTabBar.swift in Sources */,
				044C8CE62A3869B9005A3D71 /* SettingsView.swift in Sources */,
				048E18FB2A307D480034FBF5 /* CategoryCollectionViewCell.swift in Sources */,
				04F602132AAE364700B59CC6 /* CoreDataModel.xcdatamodeld in Sources */,
				04B8DD012996789E003E4786 /* SceneDelegate.swift in Sources */,
				047CC8F42A38F9C200346CE8 /* CollectionReusableView.swift in Sources */,
				04AB662F2B6C22CF004D6BFA /* ImageCache.swift in Sources */,
				04A84B6B2A319F9D008657F0 /* StrokeAnimation.swift in Sources */,
				040C1B7C2A52F00A00D296CD /* ExpandableView.swift in Sources */,
				04596D4D2A2F6C480081325E /* HomePresenter.swift in Sources */,
				048E18F92A307A880034FBF5 /* CategoryCollectionView.swift in Sources */,
				0425D4872A373F23005A8EE4 /* SearchPresenter.swift in Sources */,
				043DC5C62A573EBB002375B2 /* SearchCollectionReusableView.swift in Sources */,
				042BB3B52AC08A5E000B445B /* NSLocalizedString.swift in Sources */,
				0471B3BC2A4B7AB4000ABDFE /* NetworkDataFetcher.swift in Sources */,
				04B8DD3A2997C00A003E4786 /* ArticleModel.swift in Sources */,
				049941362A39C97D004D27D9 /* MergedView.swift in Sources */,
				04596D492A2F6A860081325E /* HomeView.swift in Sources */,
				04A84B692A319F6A008657F0 /* RotationAnimation.swift in Sources */,
				04279D872A32292500E91A20 /* UIViewController.swift in Sources */,
				0499413B2A39D294004D27D9 /* UITabBarController.swift in Sources */,
				04A84B6F2A319FDC008657F0 /* ProgressView.swift in Sources */,
				04E9DE282B7287AD0064DE4B /* CustomImageView.swift in Sources */,
				0488A5252A5AEA7B00948A85 /* CALayer.swift in Sources */,
				0429B9F72A33408800183A59 /* ArticlesCollectionViewCell.swift in Sources */,
				04FFC82F2A4BAA6300E3FF75 /* NetworkService.swift in Sources */,
				04F6021A2AAF3B8500B59CC6 /* UIColor.swift in Sources */,
				045A4D5F2A76FD9F00176BCF /* UNMutableNotificationContent.swift in Sources */,
				0404B8632A5DD20600124BA5 /* CustomCompositionalLayout.swift in Sources */,
				043DC5C82A573EEB002375B2 /* HistoryTableView.swift in Sources */,
				044C8CE42A386361005A3D71 /* TabBarController.swift in Sources */,
				04204ECD2A64101D0024A288 /* SettingTableViewCell.swift in Sources */,
				0471E2E52A3CEF560091FC1D /* UIButton.swift in Sources */,
				045A4D5D2A76D85000176BCF /* NotificationManager.swift in Sources */,
				04F6021C2AAF3C3100B59CC6 /* SettingManager.swift in Sources */,
			);
			runOnlyForDeploymentPostprocessing = 0;
		};
/* End PBXSourcesBuildPhase section */

/* Begin PBXVariantGroup section */
		042BB3B02AC079F9000B445B /* Localizable.strings */ = {
			isa = PBXVariantGroup;
			children = (
				042BB3AF2AC079F9000B445B /* de */,
			);
			name = Localizable.strings;
			sourceTree = "<group>";
		};
		04B8DD0C299678A0003E4786 /* LaunchScreen.storyboard */ = {
			isa = PBXVariantGroup;
			children = (
				04B8DD0D299678A0003E4786 /* Base */,
				042BB3AD2AC078B4000B445B /* de */,
			);
			name = LaunchScreen.storyboard;
			sourceTree = "<group>";
		};
/* End PBXVariantGroup section */

/* Begin XCBuildConfiguration section */
		04B8DD26299678A0003E4786 /* Debug */ = {
			isa = XCBuildConfiguration;
			buildSettings = {
				ALWAYS_SEARCH_USER_PATHS = NO;
				CLANG_ANALYZER_LOCALIZABILITY_NONLOCALIZED = YES;
				CLANG_ANALYZER_NONNULL = YES;
				CLANG_ANALYZER_NUMBER_OBJECT_CONVERSION = YES_AGGRESSIVE;
				CLANG_CXX_LANGUAGE_STANDARD = "gnu++17";
				CLANG_ENABLE_MODULES = YES;
				CLANG_ENABLE_OBJC_ARC = YES;
				CLANG_ENABLE_OBJC_WEAK = YES;
				CLANG_WARN_BLOCK_CAPTURE_AUTORELEASING = YES;
				CLANG_WARN_BOOL_CONVERSION = YES;
				CLANG_WARN_COMMA = YES;
				CLANG_WARN_CONSTANT_CONVERSION = YES;
				CLANG_WARN_DEPRECATED_OBJC_IMPLEMENTATIONS = YES;
				CLANG_WARN_DIRECT_OBJC_ISA_USAGE = YES_ERROR;
				CLANG_WARN_DOCUMENTATION_COMMENTS = YES;
				CLANG_WARN_EMPTY_BODY = YES;
				CLANG_WARN_ENUM_CONVERSION = YES;
				CLANG_WARN_INFINITE_RECURSION = YES;
				CLANG_WARN_INT_CONVERSION = YES;
				CLANG_WARN_NON_LITERAL_NULL_CONVERSION = YES;
				CLANG_WARN_OBJC_IMPLICIT_RETAIN_SELF = YES;
				CLANG_WARN_OBJC_LITERAL_CONVERSION = YES;
				CLANG_WARN_OBJC_ROOT_CLASS = YES_ERROR;
				CLANG_WARN_QUOTED_INCLUDE_IN_FRAMEWORK_HEADER = YES;
				CLANG_WARN_RANGE_LOOP_ANALYSIS = YES;
				CLANG_WARN_STRICT_PROTOTYPES = YES;
				CLANG_WARN_SUSPICIOUS_MOVE = YES;
				CLANG_WARN_UNGUARDED_AVAILABILITY = YES_AGGRESSIVE;
				CLANG_WARN_UNREACHABLE_CODE = YES;
				CLANG_WARN__DUPLICATE_METHOD_MATCH = YES;
				COPY_PHASE_STRIP = NO;
				DEBUG_INFORMATION_FORMAT = dwarf;
				ENABLE_STRICT_OBJC_MSGSEND = YES;
				ENABLE_TESTABILITY = YES;
				GCC_C_LANGUAGE_STANDARD = gnu11;
				GCC_DYNAMIC_NO_PIC = NO;
				GCC_NO_COMMON_BLOCKS = YES;
				GCC_OPTIMIZATION_LEVEL = 0;
				GCC_PREPROCESSOR_DEFINITIONS = (
					"DEBUG=1",
					"$(inherited)",
				);
				GCC_WARN_64_TO_32_BIT_CONVERSION = YES;
				GCC_WARN_ABOUT_RETURN_TYPE = YES_ERROR;
				GCC_WARN_UNDECLARED_SELECTOR = YES;
				GCC_WARN_UNINITIALIZED_AUTOS = YES_AGGRESSIVE;
				GCC_WARN_UNUSED_FUNCTION = YES;
				GCC_WARN_UNUSED_VARIABLE = YES;
				IPHONEOS_DEPLOYMENT_TARGET = 17.0;
				MTL_ENABLE_DEBUG_INFO = INCLUDE_SOURCE;
				MTL_FAST_MATH = YES;
				ONLY_ACTIVE_ARCH = YES;
				SDKROOT = iphoneos;
				SWIFT_ACTIVE_COMPILATION_CONDITIONS = DEBUG;
				SWIFT_OPTIMIZATION_LEVEL = "-Onone";
			};
			name = Debug;
		};
		04B8DD27299678A0003E4786 /* Release */ = {
			isa = XCBuildConfiguration;
			buildSettings = {
				ALWAYS_SEARCH_USER_PATHS = NO;
				CLANG_ANALYZER_LOCALIZABILITY_NONLOCALIZED = YES;
				CLANG_ANALYZER_NONNULL = YES;
				CLANG_ANALYZER_NUMBER_OBJECT_CONVERSION = YES_AGGRESSIVE;
				CLANG_CXX_LANGUAGE_STANDARD = "gnu++17";
				CLANG_ENABLE_MODULES = YES;
				CLANG_ENABLE_OBJC_ARC = YES;
				CLANG_ENABLE_OBJC_WEAK = YES;
				CLANG_WARN_BLOCK_CAPTURE_AUTORELEASING = YES;
				CLANG_WARN_BOOL_CONVERSION = YES;
				CLANG_WARN_COMMA = YES;
				CLANG_WARN_CONSTANT_CONVERSION = YES;
				CLANG_WARN_DEPRECATED_OBJC_IMPLEMENTATIONS = YES;
				CLANG_WARN_DIRECT_OBJC_ISA_USAGE = YES_ERROR;
				CLANG_WARN_DOCUMENTATION_COMMENTS = YES;
				CLANG_WARN_EMPTY_BODY = YES;
				CLANG_WARN_ENUM_CONVERSION = YES;
				CLANG_WARN_INFINITE_RECURSION = YES;
				CLANG_WARN_INT_CONVERSION = YES;
				CLANG_WARN_NON_LITERAL_NULL_CONVERSION = YES;
				CLANG_WARN_OBJC_IMPLICIT_RETAIN_SELF = YES;
				CLANG_WARN_OBJC_LITERAL_CONVERSION = YES;
				CLANG_WARN_OBJC_ROOT_CLASS = YES_ERROR;
				CLANG_WARN_QUOTED_INCLUDE_IN_FRAMEWORK_HEADER = YES;
				CLANG_WARN_RANGE_LOOP_ANALYSIS = YES;
				CLANG_WARN_STRICT_PROTOTYPES = YES;
				CLANG_WARN_SUSPICIOUS_MOVE = YES;
				CLANG_WARN_UNGUARDED_AVAILABILITY = YES_AGGRESSIVE;
				CLANG_WARN_UNREACHABLE_CODE = YES;
				CLANG_WARN__DUPLICATE_METHOD_MATCH = YES;
				COPY_PHASE_STRIP = NO;
				DEBUG_INFORMATION_FORMAT = "dwarf-with-dsym";
				ENABLE_NS_ASSERTIONS = NO;
				ENABLE_STRICT_OBJC_MSGSEND = YES;
				GCC_C_LANGUAGE_STANDARD = gnu11;
				GCC_NO_COMMON_BLOCKS = YES;
				GCC_WARN_64_TO_32_BIT_CONVERSION = YES;
				GCC_WARN_ABOUT_RETURN_TYPE = YES_ERROR;
				GCC_WARN_UNDECLARED_SELECTOR = YES;
				GCC_WARN_UNINITIALIZED_AUTOS = YES_AGGRESSIVE;
				GCC_WARN_UNUSED_FUNCTION = YES;
				GCC_WARN_UNUSED_VARIABLE = YES;
				IPHONEOS_DEPLOYMENT_TARGET = 17.0;
				MTL_ENABLE_DEBUG_INFO = NO;
				MTL_FAST_MATH = YES;
				SDKROOT = iphoneos;
				SWIFT_COMPILATION_MODE = wholemodule;
				SWIFT_OPTIMIZATION_LEVEL = "-O";
				VALIDATE_PRODUCT = YES;
			};
			name = Release;
		};
		04B8DD29299678A0003E4786 /* Debug */ = {
			isa = XCBuildConfiguration;
			buildSettings = {
				ASSETCATALOG_COMPILER_APPICON_NAME = AppIcon;
				ASSETCATALOG_COMPILER_GLOBAL_ACCENT_COLOR_NAME = AccentColor;
				CODE_SIGN_STYLE = Automatic;
				CURRENT_PROJECT_VERSION = 1;
				DEVELOPMENT_TEAM = 247GGGN4S3;
				GENERATE_INFOPLIST_FILE = YES;
				INFOPLIST_FILE = "Business NEWs/Info.plist";
				INFOPLIST_KEY_UIApplicationSupportsIndirectInputEvents = YES;
				INFOPLIST_KEY_UILaunchStoryboardName = LaunchScreen;
				INFOPLIST_KEY_UIStatusBarHidden = NO;
				INFOPLIST_KEY_UISupportedInterfaceOrientations = UIInterfaceOrientationPortrait;
				INFOPLIST_KEY_UISupportedInterfaceOrientations_iPad = "UIInterfaceOrientationPortrait UIInterfaceOrientationPortraitUpsideDown UIInterfaceOrientationLandscapeLeft UIInterfaceOrientationLandscapeRight";
				INFOPLIST_KEY_UISupportedInterfaceOrientations_iPhone = "UIInterfaceOrientationPortrait UIInterfaceOrientationLandscapeLeft UIInterfaceOrientationLandscapeRight";
				IPHONEOS_DEPLOYMENT_TARGET = 17.0;
				LD_RUNPATH_SEARCH_PATHS = (
					"$(inherited)",
					"@executable_path/Frameworks",
				);
				MARKETING_VERSION = 1.0;
				PRODUCT_BUNDLE_IDENTIFIER = "com.incredible.amazon.Business-NEWs";
				PRODUCT_NAME = "$(TARGET_NAME)";
				SWIFT_EMIT_LOC_STRINGS = YES;
				SWIFT_VERSION = 5.0;
				TARGETED_DEVICE_FAMILY = "1,2";
			};
			name = Debug;
		};
		04B8DD2A299678A0003E4786 /* Release */ = {
			isa = XCBuildConfiguration;
			buildSettings = {
				ASSETCATALOG_COMPILER_APPICON_NAME = AppIcon;
				ASSETCATALOG_COMPILER_GLOBAL_ACCENT_COLOR_NAME = AccentColor;
				CODE_SIGN_STYLE = Automatic;
				CURRENT_PROJECT_VERSION = 1;
				DEVELOPMENT_TEAM = 247GGGN4S3;
				GENERATE_INFOPLIST_FILE = YES;
				INFOPLIST_FILE = "Business NEWs/Info.plist";
				INFOPLIST_KEY_UIApplicationSupportsIndirectInputEvents = YES;
				INFOPLIST_KEY_UILaunchStoryboardName = LaunchScreen;
				INFOPLIST_KEY_UIStatusBarHidden = NO;
				INFOPLIST_KEY_UISupportedInterfaceOrientations = UIInterfaceOrientationPortrait;
				INFOPLIST_KEY_UISupportedInterfaceOrientations_iPad = "UIInterfaceOrientationPortrait UIInterfaceOrientationPortraitUpsideDown UIInterfaceOrientationLandscapeLeft UIInterfaceOrientationLandscapeRight";
				INFOPLIST_KEY_UISupportedInterfaceOrientations_iPhone = "UIInterfaceOrientationPortrait UIInterfaceOrientationLandscapeLeft UIInterfaceOrientationLandscapeRight";
				IPHONEOS_DEPLOYMENT_TARGET = 17.0;
				LD_RUNPATH_SEARCH_PATHS = (
					"$(inherited)",
					"@executable_path/Frameworks",
				);
				MARKETING_VERSION = 1.0;
				PRODUCT_BUNDLE_IDENTIFIER = "com.incredible.amazon.Business-NEWs";
				PRODUCT_NAME = "$(TARGET_NAME)";
				SWIFT_EMIT_LOC_STRINGS = YES;
				SWIFT_VERSION = 5.0;
				TARGETED_DEVICE_FAMILY = "1,2";
			};
			name = Release;
		};
/* End XCBuildConfiguration section */

/* Begin XCConfigurationList section */
		04B8DCF62996789E003E4786 /* Build configuration list for PBXProject "Business NEWs" */ = {
			isa = XCConfigurationList;
			buildConfigurations = (
				04B8DD26299678A0003E4786 /* Debug */,
				04B8DD27299678A0003E4786 /* Release */,
			);
			defaultConfigurationIsVisible = 0;
			defaultConfigurationName = Release;
		};
		04B8DD28299678A0003E4786 /* Build configuration list for PBXNativeTarget "Business NEWs" */ = {
			isa = XCConfigurationList;
			buildConfigurations = (
				04B8DD29299678A0003E4786 /* Debug */,
				04B8DD2A299678A0003E4786 /* Release */,
			);
			defaultConfigurationIsVisible = 0;
			defaultConfigurationName = Release;
		};
/* End XCConfigurationList section */

/* Begin XCVersionGroup section */
		04F602112AAE364700B59CC6 /* CoreDataModel.xcdatamodeld */ = {
			isa = XCVersionGroup;
			children = (
				04F602122AAE364700B59CC6 /* CoreDataModel.xcdatamodel */,
			);
			currentVersion = 04F602122AAE364700B59CC6 /* CoreDataModel.xcdatamodel */;
			path = CoreDataModel.xcdatamodeld;
			sourceTree = "<group>";
			versionGroupType = wrapper.xcdatamodel;
		};
/* End XCVersionGroup section */
	};
	rootObject = 04B8DCF32996789E003E4786 /* Project object */;
}
